// !$*UTF8*$!
{
	archiveVersion = 1;
	classes = {
	};
	objectVersion = 52;
	objects = {

/* Begin PBXBuildFile section */
		241026DB24B90F830059940F /* SidebarApp.swift in Sources */ = {isa = PBXBuildFile; fileRef = 241026C824B90F830059940F /* SidebarApp.swift */; };
		241026DC24B90F830059940F /* SidebarApp.swift in Sources */ = {isa = PBXBuildFile; fileRef = 241026C824B90F830059940F /* SidebarApp.swift */; };
		241026DF24B90F830059940F /* Assets.xcassets in Resources */ = {isa = PBXBuildFile; fileRef = 241026CA24B90F830059940F /* Assets.xcassets */; };
		241026E024B90F830059940F /* Assets.xcassets in Resources */ = {isa = PBXBuildFile; fileRef = 241026CA24B90F830059940F /* Assets.xcassets */; };
		241026EF24B912050059940F /* SidebarUI in Frameworks */ = {isa = PBXBuildFile; productRef = 241026EE24B912050059940F /* SidebarUI */; };
		241026F124B9120A0059940F /* SidebarUI in Frameworks */ = {isa = PBXBuildFile; productRef = 241026F024B9120A0059940F /* SidebarUI */; };
/* End PBXBuildFile section */

/* Begin PBXFileReference section */
		241026C824B90F830059940F /* SidebarApp.swift */ = {isa = PBXFileReference; lastKnownFileType = sourcecode.swift; path = SidebarApp.swift; sourceTree = "<group>"; };
		241026CA24B90F830059940F /* Assets.xcassets */ = {isa = PBXFileReference; lastKnownFileType = folder.assetcatalog; path = Assets.xcassets; sourceTree = "<group>"; };
		241026CF24B90F830059940F /* SidebarUI.app */ = {isa = PBXFileReference; explicitFileType = wrapper.application; includeInIndex = 0; path = SidebarUI.app; sourceTree = BUILT_PRODUCTS_DIR; };
		241026D724B90F830059940F /* SidebarUI.app */ = {isa = PBXFileReference; explicitFileType = wrapper.application; includeInIndex = 0; path = SidebarUI.app; sourceTree = BUILT_PRODUCTS_DIR; };
		241026E924B9101B0059940F /* macOS.plist */ = {isa = PBXFileReference; lastKnownFileType = text.plist.xml; path = macOS.plist; sourceTree = "<group>"; };
		241026EA24B9101B0059940F /* macOS.entitlements */ = {isa = PBXFileReference; lastKnownFileType = text.plist.entitlements; path = macOS.entitlements; sourceTree = "<group>"; };
		241026EB24B9101B0059940F /* iOS.plist */ = {isa = PBXFileReference; lastKnownFileType = text.plist.xml; path = iOS.plist; sourceTree = "<group>"; };
		241026EC24B9117F0059940F /* SidebarUI */ = {isa = PBXFileReference; lastKnownFileType = folder; name = SidebarUI; sourceTree = "<group>"; };
/* End PBXFileReference section */

/* Begin PBXFrameworksBuildPhase section */
		241026CC24B90F830059940F /* Frameworks */ = {
			isa = PBXFrameworksBuildPhase;
			buildActionMask = 2147483647;
			files = (
				241026EF24B912050059940F /* SidebarUI in Frameworks */,
			);
			runOnlyForDeploymentPostprocessing = 0;
		};
		241026D424B90F830059940F /* Frameworks */ = {
			isa = PBXFrameworksBuildPhase;
			buildActionMask = 2147483647;
			files = (
				241026F124B9120A0059940F /* SidebarUI in Frameworks */,
			);
			runOnlyForDeploymentPostprocessing = 0;
		};
/* End PBXFrameworksBuildPhase section */

/* Begin PBXGroup section */
		241026C224B90F820059940F = {
			isa = PBXGroup;
			children = (
				241026EC24B9117F0059940F /* SidebarUI */,
				241026C724B90F820059940F /* App */,
				241026D024B90F830059940F /* Products */,
				241026ED24B912050059940F /* Frameworks */,
			);
			sourceTree = "<group>";
		};
		241026C724B90F820059940F /* App */ = {
			isa = PBXGroup;
			children = (
				241026C824B90F830059940F /* SidebarApp.swift */,
				241026CA24B90F830059940F /* Assets.xcassets */,
				241026EB24B9101B0059940F /* iOS.plist */,
				241026EA24B9101B0059940F /* macOS.entitlements */,
				241026E924B9101B0059940F /* macOS.plist */,
			);
			path = App;
			sourceTree = "<group>";
		};
		241026D024B90F830059940F /* Products */ = {
			isa = PBXGroup;
			children = (
				241026CF24B90F830059940F /* SidebarUI.app */,
				241026D724B90F830059940F /* SidebarUI.app */,
			);
			name = Products;
			sourceTree = "<group>";
		};
		241026ED24B912050059940F /* Frameworks */ = {
			isa = PBXGroup;
			children = (
			);
			name = Frameworks;
			sourceTree = "<group>";
		};
/* End PBXGroup section */

/* Begin PBXNativeTarget section */
		241026CE24B90F830059940F /* iOS */ = {
			isa = PBXNativeTarget;
			buildConfigurationList = 241026E324B90F830059940F /* Build configuration list for PBXNativeTarget "iOS" */;
			buildPhases = (
				241026CB24B90F830059940F /* Sources */,
				241026CC24B90F830059940F /* Frameworks */,
				241026CD24B90F830059940F /* Resources */,
			);
			buildRules = (
			);
			dependencies = (
			);
			name = iOS;
			packageProductDependencies = (
				241026EE24B912050059940F /* SidebarUI */,
			);
			productName = "Example (iOS)";
			productReference = 241026CF24B90F830059940F /* SidebarUI.app */;
			productType = "com.apple.product-type.application";
		};
		241026D624B90F830059940F /* macOS */ = {
			isa = PBXNativeTarget;
			buildConfigurationList = 241026E624B90F830059940F /* Build configuration list for PBXNativeTarget "macOS" */;
			buildPhases = (
				241026D324B90F830059940F /* Sources */,
				241026D424B90F830059940F /* Frameworks */,
				241026D524B90F830059940F /* Resources */,
			);
			buildRules = (
			);
			dependencies = (
			);
			name = macOS;
			packageProductDependencies = (
				241026F024B9120A0059940F /* SidebarUI */,
			);
			productName = "Example (macOS)";
			productReference = 241026D724B90F830059940F /* SidebarUI.app */;
			productType = "com.apple.product-type.application";
		};
/* End PBXNativeTarget section */

/* Begin PBXProject section */
		241026C324B90F820059940F /* Project object */ = {
			isa = PBXProject;
			attributes = {
				LastSwiftUpdateCheck = 1200;
				LastUpgradeCheck = 1200;
				TargetAttributes = {
					241026CE24B90F830059940F = {
						CreatedOnToolsVersion = 12.0;
					};
					241026D624B90F830059940F = {
						CreatedOnToolsVersion = 12.0;
					};
				};
			};
			buildConfigurationList = 241026C624B90F820059940F /* Build configuration list for PBXProject "SidebarUI" */;
			compatibilityVersion = "Xcode 9.3";
			developmentRegion = en;
			hasScannedForEncodings = 0;
			knownRegions = (
				en,
				Base,
			);
			mainGroup = 241026C224B90F820059940F;
			productRefGroup = 241026D024B90F830059940F /* Products */;
			projectDirPath = "";
			projectRoot = "";
			targets = (
				241026CE24B90F830059940F /* iOS */,
				241026D624B90F830059940F /* macOS */,
			);
		};
/* End PBXProject section */

/* Begin PBXResourcesBuildPhase section */
		241026CD24B90F830059940F /* Resources */ = {
			isa = PBXResourcesBuildPhase;
			buildActionMask = 2147483647;
			files = (
				241026DF24B90F830059940F /* Assets.xcassets in Resources */,
			);
			runOnlyForDeploymentPostprocessing = 0;
		};
		241026D524B90F830059940F /* Resources */ = {
			isa = PBXResourcesBuildPhase;
			buildActionMask = 2147483647;
			files = (
				241026E024B90F830059940F /* Assets.xcassets in Resources */,
			);
			runOnlyForDeploymentPostprocessing = 0;
		};
/* End PBXResourcesBuildPhase section */

/* Begin PBXSourcesBuildPhase section */
		241026CB24B90F830059940F /* Sources */ = {
			isa = PBXSourcesBuildPhase;
			buildActionMask = 2147483647;
			files = (
				241026DB24B90F830059940F /* SidebarApp.swift in Sources */,
			);
			runOnlyForDeploymentPostprocessing = 0;
		};
		241026D324B90F830059940F /* Sources */ = {
			isa = PBXSourcesBuildPhase;
			buildActionMask = 2147483647;
			files = (
				241026DC24B90F830059940F /* SidebarApp.swift in Sources */,
			);
			runOnlyForDeploymentPostprocessing = 0;
		};
/* End PBXSourcesBuildPhase section */

/* Begin XCBuildConfiguration section */
		241026E124B90F830059940F /* Debug */ = {
			isa = XCBuildConfiguration;
			buildSettings = {
				ALWAYS_SEARCH_USER_PATHS = NO;
				CLANG_ANALYZER_NONNULL = YES;
				CLANG_ANALYZER_NUMBER_OBJECT_CONVERSION = YES_AGGRESSIVE;
				CLANG_CXX_LANGUAGE_STANDARD = "gnu++14";
				CLANG_CXX_LIBRARY = "libc++";
				CLANG_ENABLE_MODULES = YES;
				CLANG_ENABLE_OBJC_ARC = YES;
				CLANG_ENABLE_OBJC_WEAK = YES;
				CLANG_WARN_BLOCK_CAPTURE_AUTORELEASING = YES;
				CLANG_WARN_BOOL_CONVERSION = YES;
				CLANG_WARN_COMMA = YES;
				CLANG_WARN_CONSTANT_CONVERSION = YES;
				CLANG_WARN_DEPRECATED_OBJC_IMPLEMENTATIONS = YES;
				CLANG_WARN_DIRECT_OBJC_ISA_USAGE = YES_ERROR;
				CLANG_WARN_DOCUMENTATION_COMMENTS = YES;
				CLANG_WARN_EMPTY_BODY = YES;
				CLANG_WARN_ENUM_CONVERSION = YES;
				CLANG_WARN_INFINITE_RECURSION = YES;
				CLANG_WARN_INT_CONVERSION = YES;
				CLANG_WARN_NON_LITERAL_NULL_CONVERSION = YES;
				CLANG_WARN_OBJC_IMPLICIT_RETAIN_SELF = YES;
				CLANG_WARN_OBJC_LITERAL_CONVERSION = YES;
				CLANG_WARN_OBJC_ROOT_CLASS = YES_ERROR;
				CLANG_WARN_QUOTED_INCLUDE_IN_FRAMEWORK_HEADER = YES;
				CLANG_WARN_RANGE_LOOP_ANALYSIS = YES;
				CLANG_WARN_STRICT_PROTOTYPES = YES;
				CLANG_WARN_SUSPICIOUS_MOVE = YES;
				CLANG_WARN_UNGUARDED_AVAILABILITY = YES_AGGRESSIVE;
				CLANG_WARN_UNREACHABLE_CODE = YES;
				CLANG_WARN__DUPLICATE_METHOD_MATCH = YES;
				CODE_SIGN_STYLE = Automatic;
				COPY_PHASE_STRIP = NO;
				DEBUG_INFORMATION_FORMAT = dwarf;
				DEVELOPMENT_TEAM = B2M757K4LG;
				ENABLE_PREVIEWS = YES;
				ENABLE_STRICT_OBJC_MSGSEND = YES;
				ENABLE_TESTABILITY = YES;
				GCC_C_LANGUAGE_STANDARD = gnu11;
				GCC_DYNAMIC_NO_PIC = NO;
				GCC_NO_COMMON_BLOCKS = YES;
				GCC_OPTIMIZATION_LEVEL = 0;
				GCC_PREPROCESSOR_DEFINITIONS = (
					"DEBUG=1",
					"$(inherited)",
				);
				GCC_WARN_64_TO_32_BIT_CONVERSION = YES;
				GCC_WARN_ABOUT_RETURN_TYPE = YES_ERROR;
				GCC_WARN_UNDECLARED_SELECTOR = YES;
				GCC_WARN_UNINITIALIZED_AUTOS = YES_AGGRESSIVE;
				GCC_WARN_UNUSED_FUNCTION = YES;
				GCC_WARN_UNUSED_VARIABLE = YES;
				IPHONEOS_DEPLOYMENT_TARGET = 14.0;
				MACOSX_DEPLOYMENT_TARGET = 10.16;
				MTL_ENABLE_DEBUG_INFO = INCLUDE_SOURCE;
				MTL_FAST_MATH = YES;
				ONLY_ACTIVE_ARCH = YES;
				PRODUCT_BUNDLE_IDENTIFIER = uk.co.danieltull.SidebarUI;
				PRODUCT_NAME = "SidebarUI Demo";
				SWIFT_ACTIVE_COMPILATION_CONDITIONS = DEBUG;
				SWIFT_OPTIMIZATION_LEVEL = "-Onone";
				SWIFT_VERSION = 5.0;
			};
			name = Debug;
		};
		241026E224B90F830059940F /* Release */ = {
			isa = XCBuildConfiguration;
			buildSettings = {
				ALWAYS_SEARCH_USER_PATHS = NO;
				CLANG_ANALYZER_NONNULL = YES;
				CLANG_ANALYZER_NUMBER_OBJECT_CONVERSION = YES_AGGRESSIVE;
				CLANG_CXX_LANGUAGE_STANDARD = "gnu++14";
				CLANG_CXX_LIBRARY = "libc++";
				CLANG_ENABLE_MODULES = YES;
				CLANG_ENABLE_OBJC_ARC = YES;
				CLANG_ENABLE_OBJC_WEAK = YES;
				CLANG_WARN_BLOCK_CAPTURE_AUTORELEASING = YES;
				CLANG_WARN_BOOL_CONVERSION = YES;
				CLANG_WARN_COMMA = YES;
				CLANG_WARN_CONSTANT_CONVERSION = YES;
				CLANG_WARN_DEPRECATED_OBJC_IMPLEMENTATIONS = YES;
				CLANG_WARN_DIRECT_OBJC_ISA_USAGE = YES_ERROR;
				CLANG_WARN_DOCUMENTATION_COMMENTS = YES;
				CLANG_WARN_EMPTY_BODY = YES;
				CLANG_WARN_ENUM_CONVERSION = YES;
				CLANG_WARN_INFINITE_RECURSION = YES;
				CLANG_WARN_INT_CONVERSION = YES;
				CLANG_WARN_NON_LITERAL_NULL_CONVERSION = YES;
				CLANG_WARN_OBJC_IMPLICIT_RETAIN_SELF = YES;
				CLANG_WARN_OBJC_LITERAL_CONVERSION = YES;
				CLANG_WARN_OBJC_ROOT_CLASS = YES_ERROR;
				CLANG_WARN_QUOTED_INCLUDE_IN_FRAMEWORK_HEADER = YES;
				CLANG_WARN_RANGE_LOOP_ANALYSIS = YES;
				CLANG_WARN_STRICT_PROTOTYPES = YES;
				CLANG_WARN_SUSPICIOUS_MOVE = YES;
				CLANG_WARN_UNGUARDED_AVAILABILITY = YES_AGGRESSIVE;
				CLANG_WARN_UNREACHABLE_CODE = YES;
				CLANG_WARN__DUPLICATE_METHOD_MATCH = YES;
				CODE_SIGN_STYLE = Automatic;
				COPY_PHASE_STRIP = NO;
				DEBUG_INFORMATION_FORMAT = "dwarf-with-dsym";
				DEVELOPMENT_TEAM = B2M757K4LG;
				ENABLE_NS_ASSERTIONS = NO;
				ENABLE_PREVIEWS = YES;
				ENABLE_STRICT_OBJC_MSGSEND = YES;
				GCC_C_LANGUAGE_STANDARD = gnu11;
				GCC_NO_COMMON_BLOCKS = YES;
				GCC_WARN_64_TO_32_BIT_CONVERSION = YES;
				GCC_WARN_ABOUT_RETURN_TYPE = YES_ERROR;
				GCC_WARN_UNDECLARED_SELECTOR = YES;
				GCC_WARN_UNINITIALIZED_AUTOS = YES_AGGRESSIVE;
				GCC_WARN_UNUSED_FUNCTION = YES;
				GCC_WARN_UNUSED_VARIABLE = YES;
				IPHONEOS_DEPLOYMENT_TARGET = 14.0;
				MACOSX_DEPLOYMENT_TARGET = 10.16;
				MTL_ENABLE_DEBUG_INFO = NO;
				MTL_FAST_MATH = YES;
				PRODUCT_BUNDLE_IDENTIFIER = uk.co.danieltull.SidebarUI;
				PRODUCT_NAME = "SidebarUI Demo";
				SWIFT_COMPILATION_MODE = wholemodule;
				SWIFT_OPTIMIZATION_LEVEL = "-O";
				SWIFT_VERSION = 5.0;
			};
			name = Release;
		};
		241026E424B90F830059940F /* Debug */ = {
			isa = XCBuildConfiguration;
			buildSettings = {
				ASSETCATALOG_COMPILER_APPICON_NAME = AppIcon;
				ASSETCATALOG_COMPILER_GLOBAL_ACCENT_COLOR_NAME = AccentColor;
				ENABLE_PREVIEWS = YES;
				INFOPLIST_FILE = App/iOS.plist;
				LD_RUNPATH_SEARCH_PATHS = (
					"$(inherited)",
					"@executable_path/Frameworks",
				);
				SDKROOT = iphoneos;
				TARGETED_DEVICE_FAMILY = "1,2";
			};
			name = Debug;
		};
		241026E524B90F830059940F /* Release */ = {
			isa = XCBuildConfiguration;
			buildSettings = {
				ASSETCATALOG_COMPILER_APPICON_NAME = AppIcon;
				ASSETCATALOG_COMPILER_GLOBAL_ACCENT_COLOR_NAME = AccentColor;
				ENABLE_PREVIEWS = YES;
				INFOPLIST_FILE = App/iOS.plist;
				LD_RUNPATH_SEARCH_PATHS = (
					"$(inherited)",
					"@executable_path/Frameworks",
				);
				SDKROOT = iphoneos;
				TARGETED_DEVICE_FAMILY = "1,2";
				VALIDATE_PRODUCT = YES;
			};
			name = Release;
		};
		241026E724B90F830059940F /* Debug */ = {
			isa = XCBuildConfiguration;
			buildSettings = {
				ASSETCATALOG_COMPILER_APPICON_NAME = AppIcon;
				ASSETCATALOG_COMPILER_GLOBAL_ACCENT_COLOR_NAME = AccentColor;
				CODE_SIGN_ENTITLEMENTS = App/macOS.entitlements;
				COMBINE_HIDPI_IMAGES = YES;
				ENABLE_HARDENED_RUNTIME = YES;
				INFOPLIST_FILE = App/macOS.plist;
				LD_RUNPATH_SEARCH_PATHS = (
					"$(inherited)",
					"@executable_path/../Frameworks",
				);
				SDKROOT = macosx;
			};
			name = Debug;
		};
		241026E824B90F830059940F /* Release */ = {
			isa = XCBuildConfiguration;
			buildSettings = {
				ASSETCATALOG_COMPILER_APPICON_NAME = AppIcon;
				ASSETCATALOG_COMPILER_GLOBAL_ACCENT_COLOR_NAME = AccentColor;
				CODE_SIGN_ENTITLEMENTS = App/macOS.entitlements;
				COMBINE_HIDPI_IMAGES = YES;
				ENABLE_HARDENED_RUNTIME = YES;
				INFOPLIST_FILE = App/macOS.plist;
				LD_RUNPATH_SEARCH_PATHS = (
					"$(inherited)",
					"@executable_path/../Frameworks",
				);
				SDKROOT = macosx;
			};
			name = Release;
		};
/* End XCBuildConfiguration section */

/* Begin XCConfigurationList section */
		241026C624B90F820059940F /* Build configuration list for PBXProject "SidebarUI" */ = {
			isa = XCConfigurationList;
			buildConfigurations = (
				241026E124B90F830059940F /* Debug */,
				241026E224B90F830059940F /* Release */,
			);
			defaultConfigurationIsVisible = 0;
			defaultConfigurationName = Release;
		};
		241026E324B90F830059940F /* Build configuration list for PBXNativeTarget "iOS" */ = {
			isa = XCConfigurationList;
			buildConfigurations = (
				241026E424B90F830059940F /* Debug */,
				241026E524B90F830059940F /* Release */,
			);
			defaultConfigurationIsVisible = 0;
			defaultConfigurationName = Release;
		};
		241026E624B90F830059940F /* Build configuration list for PBXNativeTarget "macOS" */ = {
			isa = XCConfigurationList;
			buildConfigurations = (
				241026E724B90F830059940F /* Debug */,
				241026E824B90F830059940F /* Release */,
			);
			defaultConfigurationIsVisible = 0;
			defaultConfigurationName = Release;
		};
/* End XCConfigurationList section */

/* Begin XCSwiftPackageProductDependency section */
		241026EE24B912050059940F /* SidebarUI */ = {
			isa = XCSwiftPackageProductDependency;
			productName = SidebarUI;
		};
		241026F024B9120A0059940F /* SidebarUI */ = {
			isa = XCSwiftPackageProductDependency;
			productName = SidebarUI;
		};
/* End XCSwiftPackageProductDependency section */
	};
	rootObject = 241026C324B90F820059940F /* Project object */;
}
